
Microsoft Visual Studio Solution File, Format Version 12.00
# Visual Studio Version 17
VisualStudioVersion = 17.9.34714.143
MinimumVisualStudioVersion = 10.0.40219.1
Project("{FAE04EC0-301F-11D3-BF4B-00C04F79EFBC}") = "OnDeviceADB", "OnDeviceADB.csproj", "{F62A24C9-7370-4A97-94BD-E41F99A7FF10}"
EndProject
Global
	GlobalSection(SolutionConfigurationPlatforms) = preSolution
		Debug|Any CPU = Debug|Any CPU
		Release|Any CPU = Release|Any CPU
	EndGlobalSection
	GlobalSection(ProjectConfigurationPlatforms) = postSolution
		{F62A24C9-7370-4A97-94BD-E41F99A7FF10}.Debug|Any CPU.ActiveCfg = Debug|Any CPU
		{F62A24C9-7370-4A97-94BD-E41F99A7FF10}.Debug|Any CPU.Build.0 = Debug|Any CPU
		{F62A24C9-7370-4A97-94BD-E41F99A7FF10}.Release|Any CPU.ActiveCfg = Release|Any CPU
		{F62A24C9-7370-4A97-94BD-E41F99A7FF10}.Release|Any CPU.Build.0 = Release|Any CPU
	EndGlobalSection
	GlobalSection(SolutionProperties) = preSolution
		HideSolutionNode = FALSE
	EndGlobalSection
	GlobalSection(ExtensibilityGlobals) = postSolution
		SolutionGuid = {DDDB597C-3F77-4EA9-9CD4-01446C367D08}
	EndGlobalSection
EndGlobal
